
Microsoft Visual Studio Solution File, Format Version 12.00
# Visual Studio Version 17
VisualStudioVersion = 17.2.32317.152
MinimumVisualStudioVersion = 10.0.40219.1
Project("{FAE04EC0-301F-11D3-BF4B-00C04F79EFBC}") = "P.TestProject", "P.TestProject\P.TestProject.csproj", "{33596110-B12D-487D-A797-751F96527B41}"
EndProject
Project("{FAE04EC0-301F-11D3-BF4B-00C04F79EFBC}") = "P.Service", "P.Service\P.Service.csproj", "{24A89B25-95A1-412C-BD69-B8522B1548EB}"
EndProject
Global
	GlobalSection(SolutionConfigurationPlatforms) = preSolution
		Debug|Any CPU = Debug|Any CPU
		Release|Any CPU = Release|Any CPU
	EndGlobalSection
	GlobalSection(ProjectConfigurationPlatforms) = postSolution
		{33596110-B12D-487D-A797-751F96527B41}.Debug|Any CPU.ActiveCfg = Debug|Any CPU
		{33596110-B12D-487D-A797-751F96527B41}.Debug|Any CPU.Build.0 = Debug|Any CPU
		{33596110-B12D-487D-A797-751F96527B41}.Release|Any CPU.ActiveCfg = Release|Any CPU
		{33596110-B12D-487D-A797-751F96527B41}.Release|Any CPU.Build.0 = Release|Any CPU
		{24A89B25-95A1-412C-BD69-B8522B1548EB}.Debug|Any CPU.ActiveCfg = Debug|Any CPU
		{24A89B25-95A1-412C-BD69-B8522B1548EB}.Debug|Any CPU.Build.0 = Debug|Any CPU
		{24A89B25-95A1-412C-BD69-B8522B1548EB}.Release|Any CPU.ActiveCfg = Release|Any CPU
		{24A89B25-95A1-412C-BD69-B8522B1548EB}.Release|Any CPU.Build.0 = Release|Any CPU
	EndGlobalSection
	GlobalSection(SolutionProperties) = preSolution
		HideSolutionNode = FALSE
	EndGlobalSection
	GlobalSection(ExtensibilityGlobals) = postSolution
		SolutionGuid = {17CCC2E7-AE2E-4648-824D-4EDF1C55BEDB}
	EndGlobalSection
EndGlobal
